{
    "_meta": {
        "hash": {
            "sha256": "f9abac393e6d69c285ca349dcdc5071f651d9ead2dad7037c5d5c40b96df4e08"
        },
        "requires": {},
        "sources": [
            {
                "url": "https://pypi.python.org/simple",
                "verify_ssl": true
            }
        ]
    },
    "default": {
        "Cycler": {
            "hash": "sha256:1d8a5ae1ff6c5cf9b93e8811e581232ad8920aeec647c37316ceac982b08cb2d",
            "version": "==0.10.0"
        },
        "Jinja2": {
            "hash": "sha256:a7b7438120dbe76a8e735ef7eba6048eaf4e0b7dbc530e100812f8ec462a4d50",
            "version": "==2.9.5"
        },
        "MarkupSafe": {
            "hash": "sha256:a6be69091dac236ea9c6bc7d012beab42010fa914c459791d627dad4910eb665",
            "version": "==1.0"
        },
        "Pygments": {
            "hash": "sha256:78f3f434bcc5d6ee09020f92ba487f95ba50f1e3ef83ae96b9d5ffa1bab25c5d",
            "version": "==2.2.0"
        },
        "appdirs": {
            "hash": "sha256:d8b24664561d0d34ddfaec54636d502d7cea6e29c3eaf68f3df6180863e2166e",
            "version": "==1.4.3"
        },
        "bleach": {
            "hash": "sha256:a6d9d5f5b7368c1689ad7f128af8e792beea23393688872b576c0271e6564a16",
            "version": "==2.0.0"
        },
        "decorator": {
            "hash": "sha256:73cbaadb8bc4e3c65fe1100773d56331a2d756cc0f5c7b9d8d5d5223fe04f600",
            "version": "==4.0.11"
        },
        "entrypoints": {
            "hash": "sha256:0a0685962ee5ac303f470acbb659f0f97aef5b9deb6b85d059691c706ef6e45e",
            "version": "==0.2.2"
        },
        "html5lib": {
            "hash": "sha256:b8934484cf22f1db684c0fae27569a0db404d0208d20163fbf51cc537245d008",
            "version": "==0.999999999"
        },
        "ipykernel": {
            "hash": "sha256:cf515c26a31bb76de61f349dc5172e27f7eeb0f32e77220700b46b9d274890ac",
            "version": "==4.5.2"
        },
        "ipython": {
            "hash": "sha256:54d2ec3ba66ae2e0a34b2b48c85c4818d8ca040edd36ffe81f1e460dd5e03ae5",
            "version": "==5.3.0"
        },
        "ipython_genutils": {
            "hash": "sha256:72dd37233799e619666c9f639a9da83c34013a73e8bbc79a7a6348d93c61fab8",
            "version": "==0.2.0"
        },
        "ipywidgets": {
            "hash": "sha256:e3b50a61c01b973284a549901e59b7af3bb3afc8ceec9c498de5c43ae9d3db91",
            "version": "==6.0.0"
        },
        "jsonschema": {
            "hash": "sha256:000e68abd33c972a5248544925a0cae7d1125f9bf6c58280d37546b946769a08",
            "version": "==2.6.0"
        },
        "jupyter": {
            "hash": "sha256:5b290f93b98ffbc21c0c7e749f054b3267782166d72fa5e3ed1ed4eaf34a2b78",
            "version": "==1.0.0"
        },
        "jupyter_client": {
            "hash": "sha256:6096801728c6d24c6d8fa2bfa488ec3a5c9a6a893903db7a42b47b5f2f1f5266",
            "version": "==5.0.0"
        },
        "jupyter_console": {
            "hash": "sha256:9ed0bc03a8fa4a32e2f61a068508b4d133aeda772e28d481ef3c0bcb6cc5508e",
            "version": "==5.1.0"
        },
        "jupyter_core": {
            "hash": "sha256:63218bb5c1c0f3bba25027e1b51cf00a71ce2a1b06d1bb4bbb6e311492790125",
            "version": "==4.3.0"
        },
        "matplotlib": {
            "hash": "sha256:2336234af83a34f933e44774b22dc338008b65c3c1b8c0ec5ebf030fa2dd810d",
            "version": "==2.0.0"
        },
        "mistune": {
            "hash": "sha256:94b9f0c3c7f2bae302009d8bec2bb803daec8879e0ea2102630f5ea7ade2c96b",
            "version": "==0.7.4"
        },
        "nbconvert": {
            "hash": "sha256:e7ab8ac54ca9c34e3f1bbeb3143bf294e7437b39a9b2839dc32ab76927d74494",
            "version": "==5.1.1"
        },
        "nbformat": {
            "hash": "sha256:5fd473f9637a455e10b668f381a0895c80e790019846a0c423ea54108ad89475",
            "version": "==4.3.0"
        },
        "notebook": {
            "hash": "sha256:f6bca184c119b0462adb2ae0ebfcfab1163b0ea666be04f6c1258e678bb09cd6",
            "version": "==4.4.1"
        },
        "numpy": {
            "hash": "sha256:5dd60892710df0ef654bbf4d1e3cb53ac79845e55a96e4a26dd47218e06d819a",
            "version": "==1.12.1"
        },
        "packaging": {
            "hash": "sha256:99276dc6e3a7851f32027a68f1095cd3f77c148091b092ea867a351811cfe388",
            "version": "==16.8"
        },
        "pandocfilters": {
            "hash": "sha256:ec8bcd100d081db092c57f93462b1861bcfa1286ef126f34da5cb1d969538acd",
            "version": "==1.4.1"
        },
        "pexpect": {
            "hash": "sha256:f853b52afaf3b064d29854771e2db509ef80392509bde2dd7a6ecf2dfc3f0018",
            "version": "==4.2.1"
        },
        "pickleshare": {
            "hash": "sha256:c9a2541f25aeabc070f12f452e1f2a8eae2abd51e1cd19e8430402bdf4c1d8b5",
            "version": "==0.7.4"
        },
        "prompt_toolkit": {
            "hash": "sha256:7deb7d6efb3e59cdfa28afe6deb50243ac881a2c40da92cc3d29f69284da5796",
            "version": "==1.0.13"
        },
        "ptyprocess": {
            "hash": "sha256:464cb76f7a7122743dd25507650db89cd447c51f38e4671602b3eaa2e38e05ae",
            "version": "==0.5.1"
        },
        "pyparsing": {
            "hash": "sha256:fee43f17a9c4087e7ed1605bd6df994c6173c1e977d7ade7b651292fab2bd010",
            "version": "==2.2.0"
        },
        "python-dateutil": {
            "hash": "sha256:537bf2a8f8ce6f6862ad705cd68f9e405c0b5db014aa40fa29eab4335d4b1716",
            "version": "==2.6.0"
        },
        "pytz": {
            "hash": "sha256:a1ea35e87a63c7825846d5b5c81d23d668e8a102d3b1b465ce95afe1b3a2e065",
            "version": "==2016.10"
        },
        "pyzmq": {
            "hash": "sha256:39f78f422730d0447e612bd0f00f02ecd84dffa8b6bebb0aca8ae8c2f01ff17d",
            "version": "==16.0.2"
        },
        "qtconsole": {
            "hash": "sha256:2725b13171152fcadda581e4189a6365d1eee47559e4c734db6dcd7241eff74e",
            "version": "==4.2.1"
        },
        "setuptools": {
            "hash": "sha256:6483f8412313ec787fa71379147a4605d3b1cc303c3648d02542a9160d3db72b",
            "version": "==34.3.2"
        },
        "simplegeneric": {
            "hash": "sha256:dc972e06094b9af5b855b3df4a646395e43d1c9d0d39ed345b7393560d0b9173",
            "version": "==0.8.1"
        },
        "six": {
            "hash": "sha256:0ff78c403d9bccf5a425a6d31a12aa6b47f1c21ca4dc2573a7e2f32a97335eb1",
            "version": "==1.10.0"
        },
        "terminado": {
            "hash": "sha256:2c0ba1f624067dccaaead7d2247cfe029806355cef124dc2ccb53c83229f0126",
            "version": "==0.6"
        },
        "testpath": {
            "hash": "sha256:f16b2cb3b03e1ada4fb0200b265a4446f92f3ba4b9d88ace34f51c54ab6d294e",
            "version": "==0.3"
        },
        "tornado": {
            "hash": "sha256:2898f992f898cd41eeb8d53b6df75495f2f423b6672890aadaf196ea1448edcc",
            "version": "==4.4.2"
        },
        "traitlets": {
            "hash": "sha256:c6cb5e6f57c5a9bdaa40fa71ce7b4af30298fbab9ece9815b5d995ab6217c7d9",
            "version": "==4.3.2"
        },
        "wcwidth": {
            "hash": "sha256:f4ebe71925af7b40a864553f761ed559b43544f8f71746c2d756c7fe788ade7c",
            "version": "==0.1.7"
        },
        "webencodings": {
            "hash": "sha256:a5c55ee93b24e740fe951c37b5c228dccc1f171450e188555a775261cce1b904",
            "version": "==0.5"
        },
        "widgetsnbextension": {
            "hash": "sha256:59c84f7483f7699d5fbdfa5756fc32d9fae9d5aad4aca5113a4d99c85632dad8",
            "version": "==2.0.0"
        }
    },
    "develop": {}
}