{
    "_meta": {
        "sources": [
            {
                "url": "https://pypi.python.org/simple",
                "verify_ssl": true
            }
        ],
        "requires": {},
        "hash": {
            "sha256": "f9abac393e6d69c285ca349dcdc5071f651d9ead2dad7037c5d5c40b96df4e08"
        }
    },
    "default": {
        "numpy": {
            "hash": "sha256:204ffa15185d4b94eaef06d3395bd6ae032fb9db3985a2e3fd758121062021a0",
            "version": "==1.12.0"
        },
        "matplotlib": {
            "hash": "sha256:e83ca613859ddbf12272c4ad861f4f588686f7a1faa567f2f21ca61c72199f66",
            "version": "==2.0.0"
        },
        "jupyter": {
            "hash": "sha256:5b290f93b98ffbc21c0c7e749f054b3267782166d72fa5e3ed1ed4eaf34a2b78",
            "version": "==1.0.0"
        },
        "appdirs": {
            "hash": "sha256:a53330b9d53b66aba1e26907dea2958982ebad92735f9faf3897b73c909a20c1",
            "version": "==1.4.2"
        },
        "appnope": {
            "hash": "sha256:5b26757dc6f79a3b7dc9fab95359328d5747fcb2409d331ea66d0272b90ab2a0",
            "version": "==0.1.0"
        },
        "bleach": {
            "hash": "sha256:e67f46adcec78dbc3c04462f3aba3213a673d5652eba2609ed1ef15492a44b8d",
            "version": "==1.5.0"
        },
        "Cycler": {
            "hash": "sha256:1d8a5ae1ff6c5cf9b93e8811e581232ad8920aeec647c37316ceac982b08cb2d",
            "version": "==0.10.0"
        },
        "decorator": {
            "hash": "sha256:73cbaadb8bc4e3c65fe1100773d56331a2d756cc0f5c7b9d8d5d5223fe04f600",
            "version": "==4.0.11"
        },
        "entrypoints": {
            "hash": "sha256:0a0685962ee5ac303f470acbb659f0f97aef5b9deb6b85d059691c706ef6e45e",
            "version": "==0.2.2"
        },
        "html5lib": {
            "hash": "sha256:2612a191a8d5842bfa057e41ba50bbb9dcb722419d2408c78cff4758d0754868",
            "version": "==0.9999999"
        },
        "ipykernel": {
            "hash": "sha256:cf515c26a31bb76de61f349dc5172e27f7eeb0f32e77220700b46b9d274890ac",
            "version": "==4.5.2"
        },
        "ipython": {
            "hash": "sha256:54d2ec3ba66ae2e0a34b2b48c85c4818d8ca040edd36ffe81f1e460dd5e03ae5",
            "version": "==5.3.0"
        },
        "ipython_genutils": {
            "hash": "sha256:6218e9abd612fb5acfb175ea7c7b026006de4df9691d9a73c9b390cfa1a41c2b",
            "version": "==0.1.0"
        },
        "ipywidgets": {
            "hash": "sha256:e3b50a61c01b973284a549901e59b7af3bb3afc8ceec9c498de5c43ae9d3db91",
            "version": "==6.0.0"
        },
        "Jinja2": {
            "hash": "sha256:a7b7438120dbe76a8e735ef7eba6048eaf4e0b7dbc530e100812f8ec462a4d50",
            "version": "==2.9.5"
        },
        "jsonschema": {
            "hash": "sha256:000e68abd33c972a5248544925a0cae7d1125f9bf6c58280d37546b946769a08",
            "version": "==2.6.0"
        },
        "jupyter_client": {
            "hash": "sha256:6096801728c6d24c6d8fa2bfa488ec3a5c9a6a893903db7a42b47b5f2f1f5266",
            "version": "==5.0.0"
        },
        "jupyter_console": {
            "hash": "sha256:9ed0bc03a8fa4a32e2f61a068508b4d133aeda772e28d481ef3c0bcb6cc5508e",
            "version": "==5.1.0"
        },
        "jupyter_core": {
            "hash": "sha256:63218bb5c1c0f3bba25027e1b51cf00a71ce2a1b06d1bb4bbb6e311492790125",
            "version": "==4.3.0"
        },
        "MarkupSafe": {
            "hash": "sha256:a4ec1aff59b95a14b45eb2e23761a0179e98319da5a7eb76b56ea8cdc7b871c3",
            "version": "==0.23"
        },
        "mistune": {
            "hash": "sha256:ee7447aadcf1962b5af767ff0443dcb0499c16bf73ad36dc99d230e7574571e5",
            "version": "==0.7.3"
        },
        "nbconvert": {
            "hash": "sha256:e7ab8ac54ca9c34e3f1bbeb3143bf294e7437b39a9b2839dc32ab76927d74494",
            "version": "==5.1.1"
        },
        "nbformat": {
            "hash": "sha256:5fd473f9637a455e10b668f381a0895c80e790019846a0c423ea54108ad89475",
            "version": "==4.3.0"
        },
        "notebook": {
            "hash": "sha256:f6bca184c119b0462adb2ae0ebfcfab1163b0ea666be04f6c1258e678bb09cd6",
            "version": "==4.4.1"
        },
        "packaging": {
            "hash": "sha256:99276dc6e3a7851f32027a68f1095cd3f77c148091b092ea867a351811cfe388",
            "version": "==16.8"
        },
        "pandocfilters": {
            "hash": "sha256:ec8bcd100d081db092c57f93462b1861bcfa1286ef126f34da5cb1d969538acd",
            "version": "==1.4.1"
        },
        "pexpect": {
            "hash": "sha256:f853b52afaf3b064d29854771e2db509ef80392509bde2dd7a6ecf2dfc3f0018",
            "version": "==4.2.1"
        },
        "pickleshare": {
            "hash": "sha256:c9a2541f25aeabc070f12f452e1f2a8eae2abd51e1cd19e8430402bdf4c1d8b5",
            "version": "==0.7.4"
        },
        "prompt_toolkit": {
            "hash": "sha256:7deb7d6efb3e59cdfa28afe6deb50243ac881a2c40da92cc3d29f69284da5796",
            "version": "==1.0.13"
        },
        "ptyprocess": {
            "hash": "sha256:464cb76f7a7122743dd25507650db89cd447c51f38e4671602b3eaa2e38e05ae",
            "version": "==0.5.1"
        },
        "Pygments": {
            "hash": "sha256:78f3f434bcc5d6ee09020f92ba487f95ba50f1e3ef83ae96b9d5ffa1bab25c5d",
            "version": "==2.2.0"
        },
        "pyparsing": {
            "hash": "sha256:67101d7acee692962f33dd30b5dce079ff532dd9aa99ff48d52a3dad51d2fe84",
            "version": "==2.1.10"
        },
        "python-dateutil": {
            "hash": "sha256:537bf2a8f8ce6f6862ad705cd68f9e405c0b5db014aa40fa29eab4335d4b1716",
            "version": "==2.6.0"
        },
        "pytz": {
            "hash": "sha256:a1ea35e87a63c7825846d5b5c81d23d668e8a102d3b1b465ce95afe1b3a2e065",
            "version": "==2016.10"
        },
        "pyzmq": {
            "hash": "sha256:d3f3b5fd31b662f0c6543e859c2710ac176bb00e3ead0284a86db9d2da24d4c4",
            "version": "==16.0.2"
        },
        "qtconsole": {
            "hash": "sha256:2725b13171152fcadda581e4189a6365d1eee47559e4c734db6dcd7241eff74e",
            "version": "==4.2.1"
        },
        "setuptools": {
            "hash": "sha256:ef40d2d360ba1be284a47c51a5a489afa7d8cde5ca39f2321876e00e93fe04cd",
            "version": "==34.3.0"
        },
        "simplegeneric": {
            "hash": "sha256:dc972e06094b9af5b855b3df4a646395e43d1c9d0d39ed345b7393560d0b9173",
            "version": "==0.8.1"
        },
        "six": {
            "hash": "sha256:0ff78c403d9bccf5a425a6d31a12aa6b47f1c21ca4dc2573a7e2f32a97335eb1",
            "version": "==1.10.0"
        },
        "terminado": {
            "hash": "sha256:2c0ba1f624067dccaaead7d2247cfe029806355cef124dc2ccb53c83229f0126",
            "version": "==0.6"
        },
        "testpath": {
            "hash": "sha256:f16b2cb3b03e1ada4fb0200b265a4446f92f3ba4b9d88ace34f51c54ab6d294e",
            "version": "==0.3"
        },
        "tornado": {
            "hash": "sha256:2898f992f898cd41eeb8d53b6df75495f2f423b6672890aadaf196ea1448edcc",
            "version": "==4.4.2"
        },
        "traitlets": {
            "hash": "sha256:c6cb5e6f57c5a9bdaa40fa71ce7b4af30298fbab9ece9815b5d995ab6217c7d9",
            "version": "==4.3.2"
        },
        "wcwidth": {
            "hash": "sha256:f4ebe71925af7b40a864553f761ed559b43544f8f71746c2d756c7fe788ade7c",
            "version": "==0.1.7"
        },
        "widgetsnbextension": {
            "hash": "sha256:59c84f7483f7699d5fbdfa5756fc32d9fae9d5aad4aca5113a4d99c85632dad8",
            "version": "==2.0.0"
        }
    },
    "develop": {}
}